
Microsoft Visual Studio Solution File, Format Version 12.00
# Visual Studio 15
VisualStudioVersion = 15.0.28307.779
MinimumVisualStudioVersion = 10.0.40219.1
Project("{FAE04EC0-301F-11D3-BF4B-00C04F79EFBC}") = "FTP_Share", "FTP_Share.csproj", "{E30349E1-22F2-44E1-9F46-1F03730C401E}"
EndProject
Global
	GlobalSection(SolutionConfigurationPlatforms) = preSolution
		Debug|Any CPU = Debug|Any CPU
		Release|Any CPU = Release|Any CPU
	EndGlobalSection
	GlobalSection(ProjectConfigurationPlatforms) = postSolution
		{E30349E1-22F2-44E1-9F46-1F03730C401E}.Debug|Any CPU.ActiveCfg = Debug|Any CPU
		{E30349E1-22F2-44E1-9F46-1F03730C401E}.Debug|Any CPU.Build.0 = Debug|Any CPU
		{E30349E1-22F2-44E1-9F46-1F03730C401E}.Release|Any CPU.ActiveCfg = Release|Any CPU
		{E30349E1-22F2-44E1-9F46-1F03730C401E}.Release|Any CPU.Build.0 = Release|Any CPU
	EndGlobalSection
	GlobalSection(SolutionProperties) = preSolution
		HideSolutionNode = FALSE
	EndGlobalSection
	GlobalSection(ExtensibilityGlobals) = postSolution
		SolutionGuid = {E7219BA6-B70F-4169-9FF4-A2E504F16506}
	EndGlobalSection
EndGlobal
